{
    "enqueue/async-event-dispatcher": {
        "version": "0.10",
        "recipe": {
            "repo": "github.com/symfony/recipes-contrib",
            "branch": "main",
            "version": "0.9",
            "ref": "5a6f3bb8af169c434797b6ee623a5ea3dc64b86c"
        }
    },
    "enqueue/enqueue-bundle": {
        "version": "0.10",
        "recipe": {
            "repo": "github.com/symfony/recipes-contrib",
            "branch": "main",
            "version": "0.9",
            "ref": "c6ec89b63f963d10ad0d7a7bea170359c119c8bc"
        }
    },
    "enqueue/rdkafka": {
        "version": "0.10",
        "recipe": {
            "repo": "github.com/symfony/recipes-contrib",
            "branch": "main",
            "version": "0.8",
            "ref": "52a1ce303070ba433874414402e240cca13ed17d"
        }
    },
    "sroze/messenger-enqueue-transport": {
        "version": "0.7",
        "recipe": {
            "repo": "github.com/symfony/recipes-contrib",
            "branch": "main",
            "version": "0.1",
            "ref": "9a7119f609b576a30dbf03e4fe44212388e96ea1"
        }
    },
    "symfony/console": {
        "version": "5.4",
        "recipe": {
            "repo": "github.com/symfony/recipes",
            "branch": "main",
            "version": "5.3",
            "ref": "da0c8be8157600ad34f10ff0c9cc91232522e047"
        },
        "files": [
            "bin/console"
        ]
    },
    "symfony/flex": {
        "version": "1.20",
        "recipe": {
            "repo": "github.com/symfony/recipes",
            "branch": "main",
            "version": "1.0",
            "ref": "146251ae39e06a95be0fe3d13c807bcf3938b172"
        },
        "files": [
            ".env"
        ]
    },
    "symfony/framework-bundle": {
        "version": "5.4",
        "recipe": {
            "repo": "github.com/symfony/recipes",
            "branch": "main",
            "version": "5.4",
            "ref": "3cd216a4d007b78d8554d44a5b1c0a446dab24fb"
        },
        "files": [
            "config/packages/cache.yaml",
            "config/packages/framework.yaml",
            "config/preload.php",
            "config/routes/framework.yaml",
            "config/services.yaml",
            "public/index.php",
            "src/Controller/.gitignore",
            "src/Kernel.php"
        ]
    },
    "symfony/messenger": {
        "version": "5.4",
        "recipe": {
            "repo": "github.com/symfony/recipes",
            "branch": "main",
            "version": "5.4",
            "ref": "8bd5f27013fb1d7217191c548e340f0bdb11912c"
        },
        "files": [
            "config/packages/messenger.yaml"
        ]
    },
    "symfony/routing": {
        "version": "5.4",
        "recipe": {
            "repo": "github.com/symfony/recipes",
            "branch": "main",
            "version": "5.3",
            "ref": "85de1d8ae45b284c3c84b668171d2615049e698f"
        },
        "files": [
            "config/packages/routing.yaml",
            "config/routes.yaml"
        ]
    }
}
